
Microsoft Visual Studio Solution File, Format Version 12.00
# Visual Studio Version 17
VisualStudioVersion = 17.4.33122.133
MinimumVisualStudioVersion = 10.0.40219.1
Project("{9A19103F-16F7-4668-BE54-9A1E7A4F7556}") = "CRUD", "CRUDdemo\CRUD.csproj", "{C9671D29-D943-4EF9-8E16-D05C7D774291}"
EndProject
Project("{9A19103F-16F7-4668-BE54-9A1E7A4F7556}") = "CRUDTests", "CRUDTests\CRUDTests.csproj", "{DCC4D9D3-A8EC-43A5-84F7-B0DB2D57D8B7}"
EndProject
Project("{9A19103F-16F7-4668-BE54-9A1E7A4F7556}") = "Entities", "Entities\Entities.csproj", "{DFD05157-13D7-47A2-B834-5EB32EE5F382}"
EndProject
Project("{9A19103F-16F7-4668-BE54-9A1E7A4F7556}") = "ServiceContracts", "ServiceContracts\ServiceContracts.csproj", "{37FB5B97-AA90-4EF3-8E3B-BD8F4069F8E6}"
EndProject
Project("{9A19103F-16F7-4668-BE54-9A1E7A4F7556}") = "Services", "Services\Services.csproj", "{2EF09F39-BC58-4BAF-A188-4303DBFE9FC3}"
EndProject
Project("{FAE04EC0-301F-11D3-BF4B-00C04F79EFBC}") = "RepositoryContracts", "RepositoryContracts\RepositoryContracts.csproj", "{076D6D53-3A7F-4AA9-A921-4C07AA410A06}"
EndProject
Project("{FAE04EC0-301F-11D3-BF4B-00C04F79EFBC}") = "Repositories", "Repositories\Repositories.csproj", "{069D8BA3-DCFF-4125-8CA9-F26566FBBC16}"
EndProject
Global
	GlobalSection(SolutionConfigurationPlatforms) = preSolution
		Debug|Any CPU = Debug|Any CPU
		Release|Any CPU = Release|Any CPU
	EndGlobalSection
	GlobalSection(ProjectConfigurationPlatforms) = postSolution
		{C9671D29-D943-4EF9-8E16-D05C7D774291}.Debug|Any CPU.ActiveCfg = Debug|Any CPU
		{C9671D29-D943-4EF9-8E16-D05C7D774291}.Debug|Any CPU.Build.0 = Debug|Any CPU
		{C9671D29-D943-4EF9-8E16-D05C7D774291}.Release|Any CPU.ActiveCfg = Release|Any CPU
		{C9671D29-D943-4EF9-8E16-D05C7D774291}.Release|Any CPU.Build.0 = Release|Any CPU
		{DCC4D9D3-A8EC-43A5-84F7-B0DB2D57D8B7}.Debug|Any CPU.ActiveCfg = Debug|Any CPU
		{DCC4D9D3-A8EC-43A5-84F7-B0DB2D57D8B7}.Debug|Any CPU.Build.0 = Debug|Any CPU
		{DCC4D9D3-A8EC-43A5-84F7-B0DB2D57D8B7}.Release|Any CPU.ActiveCfg = Release|Any CPU
		{DCC4D9D3-A8EC-43A5-84F7-B0DB2D57D8B7}.Release|Any CPU.Build.0 = Release|Any CPU
		{DFD05157-13D7-47A2-B834-5EB32EE5F382}.Debug|Any CPU.ActiveCfg = Debug|Any CPU
		{DFD05157-13D7-47A2-B834-5EB32EE5F382}.Debug|Any CPU.Build.0 = Debug|Any CPU
		{DFD05157-13D7-47A2-B834-5EB32EE5F382}.Release|Any CPU.ActiveCfg = Release|Any CPU
		{DFD05157-13D7-47A2-B834-5EB32EE5F382}.Release|Any CPU.Build.0 = Release|Any CPU
		{37FB5B97-AA90-4EF3-8E3B-BD8F4069F8E6}.Debug|Any CPU.ActiveCfg = Debug|Any CPU
		{37FB5B97-AA90-4EF3-8E3B-BD8F4069F8E6}.Debug|Any CPU.Build.0 = Debug|Any CPU
		{37FB5B97-AA90-4EF3-8E3B-BD8F4069F8E6}.Release|Any CPU.ActiveCfg = Release|Any CPU
		{37FB5B97-AA90-4EF3-8E3B-BD8F4069F8E6}.Release|Any CPU.Build.0 = Release|Any CPU
		{2EF09F39-BC58-4BAF-A188-4303DBFE9FC3}.Debug|Any CPU.ActiveCfg = Debug|Any CPU
		{2EF09F39-BC58-4BAF-A188-4303DBFE9FC3}.Debug|Any CPU.Build.0 = Debug|Any CPU
		{2EF09F39-BC58-4BAF-A188-4303DBFE9FC3}.Release|Any CPU.ActiveCfg = Release|Any CPU
		{2EF09F39-BC58-4BAF-A188-4303DBFE9FC3}.Release|Any CPU.Build.0 = Release|Any CPU
		{076D6D53-3A7F-4AA9-A921-4C07AA410A06}.Debug|Any CPU.ActiveCfg = Debug|Any CPU
		{076D6D53-3A7F-4AA9-A921-4C07AA410A06}.Debug|Any CPU.Build.0 = Debug|Any CPU
		{076D6D53-3A7F-4AA9-A921-4C07AA410A06}.Release|Any CPU.ActiveCfg = Release|Any CPU
		{076D6D53-3A7F-4AA9-A921-4C07AA410A06}.Release|Any CPU.Build.0 = Release|Any CPU
		{069D8BA3-DCFF-4125-8CA9-F26566FBBC16}.Debug|Any CPU.ActiveCfg = Debug|Any CPU
		{069D8BA3-DCFF-4125-8CA9-F26566FBBC16}.Debug|Any CPU.Build.0 = Debug|Any CPU
		{069D8BA3-DCFF-4125-8CA9-F26566FBBC16}.Release|Any CPU.ActiveCfg = Release|Any CPU
		{069D8BA3-DCFF-4125-8CA9-F26566FBBC16}.Release|Any CPU.Build.0 = Release|Any CPU
	EndGlobalSection
	GlobalSection(SolutionProperties) = preSolution
		HideSolutionNode = FALSE
	EndGlobalSection
	GlobalSection(ExtensibilityGlobals) = postSolution
		SolutionGuid = {AD9528DB-7C19-47E6-A0A4-31555410EEAD}
	EndGlobalSection
EndGlobal
